
Microsoft Visual Studio Solution File, Format Version 12.00
# Visual Studio 15
VisualStudioVersion = 15.0.26730.16
MinimumVisualStudioVersion = 10.0.40219.1
Project("{FAE04EC0-301F-11D3-BF4B-00C04F79EFBC}") = "FizzBuzz", "FizzBuzz\FizzBuzz.csproj", "{03CA2D09-9936-4369-AB82-25FBEC3A474B}"
EndProject
Global
	GlobalSection(SolutionConfigurationPlatforms) = preSolution
		Debug|Any CPU = Debug|Any CPU
		Release|Any CPU = Release|Any CPU
	EndGlobalSection
	GlobalSection(ProjectConfigurationPlatforms) = postSolution
		{03CA2D09-9936-4369-AB82-25FBEC3A474B}.Debug|Any CPU.ActiveCfg = Debug|Any CPU
		{03CA2D09-9936-4369-AB82-25FBEC3A474B}.Debug|Any CPU.Build.0 = Debug|Any CPU
		{03CA2D09-9936-4369-AB82-25FBEC3A474B}.Release|Any CPU.ActiveCfg = Release|Any CPU
		{03CA2D09-9936-4369-AB82-25FBEC3A474B}.Release|Any CPU.Build.0 = Release|Any CPU
	EndGlobalSection
	GlobalSection(SolutionProperties) = preSolution
		HideSolutionNode = FALSE
	EndGlobalSection
	GlobalSection(ExtensibilityGlobals) = postSolution
		SolutionGuid = {3DDAB997-0023-460B-82B3-8B9E88EF2A61}
	EndGlobalSection
EndGlobal
